
Microsoft Visual Studio Solution File, Format Version 12.00
# Visual Studio Version 16
VisualStudioVersion = 16.0.31424.327
MinimumVisualStudioVersion = 10.0.40219.1
Project("{FAE04EC0-301F-11D3-BF4B-00C04F79EFBC}") = "weather-forecast", "weather-forecast\weather-forecast.csproj", "{27D6C12C-5ACC-41EA-BE62-298EBFBBA946}"
EndProject
Global
	GlobalSection(SolutionConfigurationPlatforms) = preSolution
		Debug|Any CPU = Debug|Any CPU
		Release|Any CPU = Release|Any CPU
	EndGlobalSection
	GlobalSection(ProjectConfigurationPlatforms) = postSolution
		{27D6C12C-5ACC-41EA-BE62-298EBFBBA946}.Debug|Any CPU.ActiveCfg = Debug|Any CPU
		{27D6C12C-5ACC-41EA-BE62-298EBFBBA946}.Debug|Any CPU.Build.0 = Debug|Any CPU
		{27D6C12C-5ACC-41EA-BE62-298EBFBBA946}.Release|Any CPU.ActiveCfg = Release|Any CPU
		{27D6C12C-5ACC-41EA-BE62-298EBFBBA946}.Release|Any CPU.Build.0 = Release|Any CPU
	EndGlobalSection
	GlobalSection(SolutionProperties) = preSolution
		HideSolutionNode = FALSE
	EndGlobalSection
	GlobalSection(ExtensibilityGlobals) = postSolution
		SolutionGuid = {135FC82A-340D-43E9-BC76-4C702D761FF4}
	EndGlobalSection
EndGlobal
